
Microsoft Visual Studio Solution File, Format Version 12.00
# Visual Studio Version 16
VisualStudioVersion = 16.0.30611.23
MinimumVisualStudioVersion = 10.0.40219.1
Project("{E24C65DC-7377-472B-9ABA-BC803B73C61A}") = "Sunriseandsunset", ".", "{C5074914-DC45-45CA-A118-9F52D11EA0C6}"
	ProjectSection(WebsiteProperties) = preProject
		TargetFrameworkMoniker = ".NETFramework,Version%3Dv4.0"
		Debug.AspNetCompiler.VirtualPath = "/localhost_53891"
		Debug.AspNetCompiler.PhysicalPath = "..\Sunriseandsunset\"
		Debug.AspNetCompiler.TargetPath = "PrecompiledWeb\localhost_53891\"
		Debug.AspNetCompiler.Updateable = "true"
		Debug.AspNetCompiler.ForceOverwrite = "true"
		Debug.AspNetCompiler.FixedNames = "false"
		Debug.AspNetCompiler.Debug = "True"
		Release.AspNetCompiler.VirtualPath = "/localhost_53891"
		Release.AspNetCompiler.PhysicalPath = "..\Sunriseandsunset\"
		Release.AspNetCompiler.TargetPath = "PrecompiledWeb\localhost_53891\"
		Release.AspNetCompiler.Updateable = "true"
		Release.AspNetCompiler.ForceOverwrite = "true"
		Release.AspNetCompiler.FixedNames = "false"
		Release.AspNetCompiler.Debug = "False"
		VWDPort = "53891"
		SlnRelativePath = "..\Sunriseandsunset\"
	EndProjectSection
EndProject
Global
	GlobalSection(SolutionConfigurationPlatforms) = preSolution
		Debug|Any CPU = Debug|Any CPU
	EndGlobalSection
	GlobalSection(ProjectConfigurationPlatforms) = postSolution
		{C5074914-DC45-45CA-A118-9F52D11EA0C6}.Debug|Any CPU.ActiveCfg = Debug|Any CPU
		{C5074914-DC45-45CA-A118-9F52D11EA0C6}.Debug|Any CPU.Build.0 = Debug|Any CPU
	EndGlobalSection
	GlobalSection(SolutionProperties) = preSolution
		HideSolutionNode = FALSE
	EndGlobalSection
	GlobalSection(ExtensibilityGlobals) = postSolution
		SolutionGuid = {3226080F-0969-4EFA-9625-A1BF211D5F01}
	EndGlobalSection
EndGlobal
